<Solution>
	<Folder Name="/src/" />
	<Folder Name="/src/1 - Presentation/">
		<Project Path="src/WorkingWithFiles.Presentation/WorkingWithFiles.Presentation.csproj" />
	</Folder>
	<Folder Name="/src/2 - Application/">
		<Project Path="src/WorkingWithFiles.Application/WorkingWithFiles.Application.csproj" />
	</Folder>
	<Folder Name="/src/3 - Infrastructure/">
		<Project Path="src/WorkingWithFiles.Infrastructure/WorkingWithFiles.Infrastructure.csproj" />
	</Folder>
	<Folder Name="/src/4 - Domain/">
		<Project Path="src/WorkingWithFiles.Domain/WorkingWithFiles.Domain.csproj" />
	</Folder>
	<Folder Name="/tests/" />
</Solution>
